// !$*UTF8*$!
{
	archiveVersion = 1;
	classes = {
	};
	objectVersion = 48;
	objects = {

/* Begin PBXBuildFile section */
		5154DD482015532C00809AB3 /* TodoModel.xcdatamodeld in Sources */ = {isa = PBXBuildFile; fileRef = 5154DD462015532C00809AB3 /* TodoModel.xcdatamodeld */; };
		5154DD4A201553AE00809AB3 /* CoreDataStack.swift in Sources */ = {isa = PBXBuildFile; fileRef = 5154DD49201553AE00809AB3 /* CoreDataStack.swift */; };
		518E75EC20142D1000F7AC83 /* AppDelegate.swift in Sources */ = {isa = PBXBuildFile; fileRef = 518E75EB20142D1000F7AC83 /* AppDelegate.swift */; };
		518E75EE20142D1000F7AC83 /* TodoTVC.swift in Sources */ = {isa = PBXBuildFile; fileRef = 518E75ED20142D1000F7AC83 /* TodoTVC.swift */; };
		518E75F120142D1000F7AC83 /* Main.storyboard in Resources */ = {isa = PBXBuildFile; fileRef = 518E75EF20142D1000F7AC83 /* Main.storyboard */; };
		518E75F320142D1000F7AC83 /* Assets.xcassets in Resources */ = {isa = PBXBuildFile; fileRef = 518E75F220142D1000F7AC83 /* Assets.xcassets */; };
		518E75F620142D1000F7AC83 /* LaunchScreen.storyboard in Resources */ = {isa = PBXBuildFile; fileRef = 518E75F420142D1000F7AC83 /* LaunchScreen.storyboard */; };
		518E75FE201432AC00F7AC83 /* AddTodoListItemVC.swift in Sources */ = {isa = PBXBuildFile; fileRef = 518E75FD201432AC00F7AC83 /* AddTodoListItemVC.swift */; };
/* End PBXBuildFile section */

/* Begin PBXFileReference section */
		5154DD472015532C00809AB3 /* TodoModel.xcdatamodel */ = {isa = PBXFileReference; lastKnownFileType = wrapper.xcdatamodel; path = TodoModel.xcdatamodel; sourceTree = "<group>"; };
		5154DD49201553AE00809AB3 /* CoreDataStack.swift */ = {isa = PBXFileReference; lastKnownFileType = sourcecode.swift; path = CoreDataStack.swift; sourceTree = "<group>"; };
		518E75E820142D1000F7AC83 /* CoreDataToDo.app */ = {isa = PBXFileReference; explicitFileType = wrapper.application; includeInIndex = 0; path = CoreDataToDo.app; sourceTree = BUILT_PRODUCTS_DIR; };
		518E75EB20142D1000F7AC83 /* AppDelegate.swift */ = {isa = PBXFileReference; lastKnownFileType = sourcecode.swift; path = AppDelegate.swift; sourceTree = "<group>"; };
		518E75ED20142D1000F7AC83 /* TodoTVC.swift */ = {isa = PBXFileReference; lastKnownFileType = sourcecode.swift; path = TodoTVC.swift; sourceTree = "<group>"; };
		518E75F020142D1000F7AC83 /* Base */ = {isa = PBXFileReference; lastKnownFileType = file.storyboard; name = Base; path = Base.lproj/Main.storyboard; sourceTree = "<group>"; };
		518E75F220142D1000F7AC83 /* Assets.xcassets */ = {isa = PBXFileReference; lastKnownFileType = folder.assetcatalog; path = Assets.xcassets; sourceTree = "<group>"; };
		518E75F520142D1000F7AC83 /* Base */ = {isa = PBXFileReference; lastKnownFileType = file.storyboard; name = Base; path = Base.lproj/LaunchScreen.storyboard; sourceTree = "<group>"; };
		518E75F720142D1000F7AC83 /* Info.plist */ = {isa = PBXFileReference; lastKnownFileType = text.plist.xml; path = Info.plist; sourceTree = "<group>"; };
		518E75FD201432AC00F7AC83 /* AddTodoListItemVC.swift */ = {isa = PBXFileReference; lastKnownFileType = sourcecode.swift; path = AddTodoListItemVC.swift; sourceTree = "<group>"; };
/* End PBXFileReference section */

/* Begin PBXFrameworksBuildPhase section */
		518E75E520142D1000F7AC83 /* Frameworks */ = {
			isa = PBXFrameworksBuildPhase;
			buildActionMask = 2147483647;
			files = (
			);
			runOnlyForDeploymentPostprocessing = 0;
		};
/* End PBXFrameworksBuildPhase section */

/* Begin PBXGroup section */
		518E75DF20142D1000F7AC83 = {
			isa = PBXGroup;
			children = (
				518E75EA20142D1000F7AC83 /* CoreDataToDo */,
				518E75E920142D1000F7AC83 /* Products */,
			);
			sourceTree = "<group>";
		};
		518E75E920142D1000F7AC83 /* Products */ = {
			isa = PBXGroup;
			children = (
				518E75E820142D1000F7AC83 /* CoreDataToDo.app */,
			);
			name = Products;
			sourceTree = "<group>";
		};
		518E75EA20142D1000F7AC83 /* CoreDataToDo */ = {
			isa = PBXGroup;
			children = (
				518E75EB20142D1000F7AC83 /* AppDelegate.swift */,
				518E75ED20142D1000F7AC83 /* TodoTVC.swift */,
				518E75FD201432AC00F7AC83 /* AddTodoListItemVC.swift */,
				518E75EF20142D1000F7AC83 /* Main.storyboard */,
				518E75F220142D1000F7AC83 /* Assets.xcassets */,
				518E75F420142D1000F7AC83 /* LaunchScreen.storyboard */,
				518E75F720142D1000F7AC83 /* Info.plist */,
				5154DD462015532C00809AB3 /* TodoModel.xcdatamodeld */,
				5154DD49201553AE00809AB3 /* CoreDataStack.swift */,
			);
			path = CoreDataToDo;
			sourceTree = "<group>";
		};
/* End PBXGroup section */

/* Begin PBXNativeTarget section */
		518E75E720142D1000F7AC83 /* CoreDataToDo */ = {
			isa = PBXNativeTarget;
			buildConfigurationList = 518E75FA20142D1000F7AC83 /* Build configuration list for PBXNativeTarget "CoreDataToDo" */;
			buildPhases = (
				518E75E420142D1000F7AC83 /* Sources */,
				518E75E520142D1000F7AC83 /* Frameworks */,
				518E75E620142D1000F7AC83 /* Resources */,
			);
			buildRules = (
			);
			dependencies = (
			);
			name = CoreDataToDo;
			productName = CoreDataToDo;
			productReference = 518E75E820142D1000F7AC83 /* CoreDataToDo.app */;
			productType = "com.apple.product-type.application";
		};
/* End PBXNativeTarget section */

/* Begin PBXProject section */
		518E75E020142D1000F7AC83 /* Project object */ = {
			isa = PBXProject;
			attributes = {
				LastSwiftUpdateCheck = 0920;
				LastUpgradeCheck = 0920;
				ORGANIZATIONNAME = "E Nicole Hinckley";
				TargetAttributes = {
					518E75E720142D1000F7AC83 = {
						CreatedOnToolsVersion = 9.2;
						ProvisioningStyle = Automatic;
					};
				};
			};
			buildConfigurationList = 518E75E320142D1000F7AC83 /* Build configuration list for PBXProject "CoreDataToDo" */;
			compatibilityVersion = "Xcode 8.0";
			developmentRegion = en;
			hasScannedForEncodings = 0;
			knownRegions = (
				en,
				Base,
			);
			mainGroup = 518E75DF20142D1000F7AC83;
			productRefGroup = 518E75E920142D1000F7AC83 /* Products */;
			projectDirPath = "";
			projectRoot = "";
			targets = (
				518E75E720142D1000F7AC83 /* CoreDataToDo */,
			);
		};
/* End PBXProject section */

/* Begin PBXResourcesBuildPhase section */
		518E75E620142D1000F7AC83 /* Resources */ = {
			isa = PBXResourcesBuildPhase;
			buildActionMask = 2147483647;
			files = (
				518E75F620142D1000F7AC83 /* LaunchScreen.storyboard in Resources */,
				518E75F320142D1000F7AC83 /* Assets.xcassets in Resources */,
				518E75F120142D1000F7AC83 /* Main.storyboard in Resources */,
			);
			runOnlyForDeploymentPostprocessing = 0;
		};
/* End PBXResourcesBuildPhase section */

/* Begin PBXSourcesBuildPhase section */
		518E75E420142D1000F7AC83 /* Sources */ = {
			isa = PBXSourcesBuildPhase;
			buildActionMask = 2147483647;
			files = (
				5154DD4A201553AE00809AB3 /* CoreDataStack.swift in Sources */,
				518E75EE20142D1000F7AC83 /* TodoTVC.swift in Sources */,
				5154DD482015532C00809AB3 /* TodoModel.xcdatamodeld in Sources */,
				518E75EC20142D1000F7AC83 /* AppDelegate.swift in Sources */,
				518E75FE201432AC00F7AC83 /* AddTodoListItemVC.swift in Sources */,
			);
			runOnlyForDeploymentPostprocessing = 0;
		};
/* End PBXSourcesBuildPhase section */

/* Begin PBXVariantGroup section */
		518E75EF20142D1000F7AC83 /* Main.storyboard */ = {
			isa = PBXVariantGroup;
			children = (
				518E75F020142D1000F7AC83 /* Base */,
			);
			name = Main.storyboard;
			sourceTree = "<group>";
		};
		518E75F420142D1000F7AC83 /* LaunchScreen.storyboard */ = {
			isa = PBXVariantGroup;
			children = (
				518E75F520142D1000F7AC83 /* Base */,
			);
			name = LaunchScreen.storyboard;
			sourceTree = "<group>";
		};
/* End PBXVariantGroup section */

/* Begin XCBuildConfiguration section */
		518E75F820142D1000F7AC83 /* Debug */ = {
			isa = XCBuildConfiguration;
			buildSettings = {
				ALWAYS_SEARCH_USER_PATHS = NO;
				CLANG_ANALYZER_NONNULL = YES;
				CLANG_ANALYZER_NUMBER_OBJECT_CONVERSION = YES_AGGRESSIVE;
				CLANG_CXX_LANGUAGE_STANDARD = "gnu++14";
				CLANG_CXX_LIBRARY = "libc++";
				CLANG_ENABLE_MODULES = YES;
				CLANG_ENABLE_OBJC_ARC = YES;
				CLANG_WARN_BLOCK_CAPTURE_AUTORELEASING = YES;
				CLANG_WARN_BOOL_CONVERSION = YES;
				CLANG_WARN_COMMA = YES;
				CLANG_WARN_CONSTANT_CONVERSION = YES;
				CLANG_WARN_DIRECT_OBJC_ISA_USAGE = YES_ERROR;
				CLANG_WARN_DOCUMENTATION_COMMENTS = YES;
				CLANG_WARN_EMPTY_BODY = YES;
				CLANG_WARN_ENUM_CONVERSION = YES;
				CLANG_WARN_INFINITE_RECURSION = YES;
				CLANG_WARN_INT_CONVERSION = YES;
				CLANG_WARN_NON_LITERAL_NULL_CONVERSION = YES;
				CLANG_WARN_OBJC_LITERAL_CONVERSION = YES;
				CLANG_WARN_OBJC_ROOT_CLASS = YES_ERROR;
				CLANG_WARN_RANGE_LOOP_ANALYSIS = YES;
				CLANG_WARN_STRICT_PROTOTYPES = YES;
				CLANG_WARN_SUSPICIOUS_MOVE = YES;
				CLANG_WARN_UNGUARDED_AVAILABILITY = YES_AGGRESSIVE;
				CLANG_WARN_UNREACHABLE_CODE = YES;
				CLANG_WARN__DUPLICATE_METHOD_MATCH = YES;
				CODE_SIGN_IDENTITY = "iPhone Developer";
				COPY_PHASE_STRIP = NO;
				DEBUG_INFORMATION_FORMAT = dwarf;
				ENABLE_STRICT_OBJC_MSGSEND = YES;
				ENABLE_TESTABILITY = YES;
				GCC_C_LANGUAGE_STANDARD = gnu11;
				GCC_DYNAMIC_NO_PIC = NO;
				GCC_NO_COMMON_BLOCKS = YES;
				GCC_OPTIMIZATION_LEVEL = 0;
				GCC_PREPROCESSOR_DEFINITIONS = (
					"DEBUG=1",
					"$(inherited)",
				);
				GCC_WARN_64_TO_32_BIT_CONVERSION = YES;
				GCC_WARN_ABOUT_RETURN_TYPE = YES_ERROR;
				GCC_WARN_UNDECLARED_SELECTOR = YES;
				GCC_WARN_UNINITIALIZED_AUTOS = YES_AGGRESSIVE;
				GCC_WARN_UNUSED_FUNCTION = YES;
				GCC_WARN_UNUSED_VARIABLE = YES;
				IPHONEOS_DEPLOYMENT_TARGET = 11.2;
				MTL_ENABLE_DEBUG_INFO = YES;
				ONLY_ACTIVE_ARCH = YES;
				SDKROOT = iphoneos;
				SWIFT_ACTIVE_COMPILATION_CONDITIONS = DEBUG;
				SWIFT_OPTIMIZATION_LEVEL = "-Onone";
			};
			name = Debug;
		};
		518E75F920142D1000F7AC83 /* Release */ = {
			isa = XCBuildConfiguration;
			buildSettings = {
				ALWAYS_SEARCH_USER_PATHS = NO;
				CLANG_ANALYZER_NONNULL = YES;
				CLANG_ANALYZER_NUMBER_OBJECT_CONVERSION = YES_AGGRESSIVE;
				CLANG_CXX_LANGUAGE_STANDARD = "gnu++14";
				CLANG_CXX_LIBRARY = "libc++";
				CLANG_ENABLE_MODULES = YES;
				CLANG_ENABLE_OBJC_ARC = YES;
				CLANG_WARN_BLOCK_CAPTURE_AUTORELEASING = YES;
				CLANG_WARN_BOOL_CONVERSION = YES;
				CLANG_WARN_COMMA = YES;
				CLANG_WARN_CONSTANT_CONVERSION = YES;
				CLANG_WARN_DIRECT_OBJC_ISA_USAGE = YES_ERROR;
				CLANG_WARN_DOCUMENTATION_COMMENTS = YES;
				CLANG_WARN_EMPTY_BODY = YES;
				CLANG_WARN_ENUM_CONVERSION = YES;
				CLANG_WARN_INFINITE_RECURSION = YES;
				CLANG_WARN_INT_CONVERSION = YES;
				CLANG_WARN_NON_LITERAL_NULL_CONVERSION = YES;
				CLANG_WARN_OBJC_LITERAL_CONVERSION = YES;
				CLANG_WARN_OBJC_ROOT_CLASS = YES_ERROR;
				CLANG_WARN_RANGE_LOOP_ANALYSIS = YES;
				CLANG_WARN_STRICT_PROTOTYPES = YES;
				CLANG_WARN_SUSPICIOUS_MOVE = YES;
				CLANG_WARN_UNGUARDED_AVAILABILITY = YES_AGGRESSIVE;
				CLANG_WARN_UNREACHABLE_CODE = YES;
				CLANG_WARN__DUPLICATE_METHOD_MATCH = YES;
				CODE_SIGN_IDENTITY = "iPhone Developer";
				COPY_PHASE_STRIP = NO;
				DEBUG_INFORMATION_FORMAT = "dwarf-with-dsym";
				ENABLE_NS_ASSERTIONS = NO;
				ENABLE_STRICT_OBJC_MSGSEND = YES;
				GCC_C_LANGUAGE_STANDARD = gnu11;
				GCC_NO_COMMON_BLOCKS = YES;
				GCC_WARN_64_TO_32_BIT_CONVERSION = YES;
				GCC_WARN_ABOUT_RETURN_TYPE = YES_ERROR;
				GCC_WARN_UNDECLARED_SELECTOR = YES;
				GCC_WARN_UNINITIALIZED_AUTOS = YES_AGGRESSIVE;
				GCC_WARN_UNUSED_FUNCTION = YES;
				GCC_WARN_UNUSED_VARIABLE = YES;
				IPHONEOS_DEPLOYMENT_TARGET = 11.2;
				MTL_ENABLE_DEBUG_INFO = NO;
				SDKROOT = iphoneos;
				SWIFT_OPTIMIZATION_LEVEL = "-Owholemodule";
				VALIDATE_PRODUCT = YES;
			};
			name = Release;
		};
		518E75FB20142D1000F7AC83 /* Debug */ = {
			isa = XCBuildConfiguration;
			buildSettings = {
				ASSETCATALOG_COMPILER_APPICON_NAME = AppIcon;
				CODE_SIGN_STYLE = Automatic;
				DEVELOPMENT_TEAM = VT7TFMD5N4;
				INFOPLIST_FILE = CoreDataToDo/Info.plist;
				LD_RUNPATH_SEARCH_PATHS = "$(inherited) @executable_path/Frameworks";
				PRODUCT_BUNDLE_IDENTIFIER = enh.CoreDataToDo;
				PRODUCT_NAME = "$(TARGET_NAME)";
				SWIFT_VERSION = 4.0;
				TARGETED_DEVICE_FAMILY = "1,2";
			};
			name = Debug;
		};
		518E75FC20142D1000F7AC83 /* Release */ = {
			isa = XCBuildConfiguration;
			buildSettings = {
				ASSETCATALOG_COMPILER_APPICON_NAME = AppIcon;
				CODE_SIGN_STYLE = Automatic;
				DEVELOPMENT_TEAM = VT7TFMD5N4;
				INFOPLIST_FILE = CoreDataToDo/Info.plist;
				LD_RUNPATH_SEARCH_PATHS = "$(inherited) @executable_path/Frameworks";
				PRODUCT_BUNDLE_IDENTIFIER = enh.CoreDataToDo;
				PRODUCT_NAME = "$(TARGET_NAME)";
				SWIFT_VERSION = 4.0;
				TARGETED_DEVICE_FAMILY = "1,2";
			};
			name = Release;
		};
/* End XCBuildConfiguration section */

/* Begin XCConfigurationList section */
		518E75E320142D1000F7AC83 /* Build configuration list for PBXProject "CoreDataToDo" */ = {
			isa = XCConfigurationList;
			buildConfigurations = (
				518E75F820142D1000F7AC83 /* Debug */,
				518E75F920142D1000F7AC83 /* Release */,
			);
			defaultConfigurationIsVisible = 0;
			defaultConfigurationName = Release;
		};
		518E75FA20142D1000F7AC83 /* Build configuration list for PBXNativeTarget "CoreDataToDo" */ = {
			isa = XCConfigurationList;
			buildConfigurations = (
				518E75FB20142D1000F7AC83 /* Debug */,
				518E75FC20142D1000F7AC83 /* Release */,
			);
			defaultConfigurationIsVisible = 0;
			defaultConfigurationName = Release;
		};
/* End XCConfigurationList section */

/* Begin XCVersionGroup section */
		5154DD462015532C00809AB3 /* TodoModel.xcdatamodeld */ = {
			isa = XCVersionGroup;
			children = (
				5154DD472015532C00809AB3 /* TodoModel.xcdatamodel */,
			);
			currentVersion = 5154DD472015532C00809AB3 /* TodoModel.xcdatamodel */;
			path = TodoModel.xcdatamodeld;
			sourceTree = "<group>";
			versionGroupType = wrapper.xcdatamodel;
		};
/* End XCVersionGroup section */
	};
	rootObject = 518E75E020142D1000F7AC83 /* Project object */;
}
